
Microsoft Visual Studio Solution File, Format Version 12.00
# Visual Studio Version 17
VisualStudioVersion = 17.0.31903.59
MinimumVisualStudioVersion = 10.0.40219.1
Project("{2150E333-8FDC-42A3-9474-1A3956D46DE8}") = "src", "src", "{A1DD8020-4667-4BF1-99CF-D1E87C4410EE}"
EndProject
Project("{FAE04EC0-301F-11D3-BF4B-00C04F79EFBC}") = "AtomicLmsCore.Domain", "src\AtomicLmsCore.Domain\AtomicLmsCore.Domain.csproj", "{428677EA-29F7-4545-9809-728CCAC39E9F}"
EndProject
Project("{FAE04EC0-301F-11D3-BF4B-00C04F79EFBC}") = "AtomicLmsCore.Application", "src\AtomicLmsCore.Application\AtomicLmsCore.Application.csproj", "{865D5565-F8D0-43AF-8722-8D9D370AFB1B}"
EndProject
Project("{FAE04EC0-301F-11D3-BF4B-00C04F79EFBC}") = "AtomicLmsCore.Infrastructure", "src\AtomicLmsCore.Infrastructure\AtomicLmsCore.Infrastructure.csproj", "{560BD0AA-BC47-4CD0-912E-8ECC83B995D9}"
EndProject
Project("{FAE04EC0-301F-11D3-BF4B-00C04F79EFBC}") = "AtomicLmsCore.WebApi", "src\AtomicLmsCore.WebApi\AtomicLmsCore.WebApi.csproj", "{ED943560-9CC5-4F6C-9D5D-BE3514D0B921}"
EndProject
Global
	GlobalSection(SolutionConfigurationPlatforms) = preSolution
		Debug|Any CPU = Debug|Any CPU
		Release|Any CPU = Release|Any CPU
	EndGlobalSection
	GlobalSection(SolutionProperties) = preSolution
		HideSolutionNode = FALSE
	EndGlobalSection
	GlobalSection(ProjectConfigurationPlatforms) = postSolution
		{428677EA-29F7-4545-9809-728CCAC39E9F}.Debug|Any CPU.ActiveCfg = Debug|Any CPU
		{428677EA-29F7-4545-9809-728CCAC39E9F}.Debug|Any CPU.Build.0 = Debug|Any CPU
		{428677EA-29F7-4545-9809-728CCAC39E9F}.Release|Any CPU.ActiveCfg = Release|Any CPU
		{428677EA-29F7-4545-9809-728CCAC39E9F}.Release|Any CPU.Build.0 = Release|Any CPU
		{865D5565-F8D0-43AF-8722-8D9D370AFB1B}.Debug|Any CPU.ActiveCfg = Debug|Any CPU
		{865D5565-F8D0-43AF-8722-8D9D370AFB1B}.Debug|Any CPU.Build.0 = Debug|Any CPU
		{865D5565-F8D0-43AF-8722-8D9D370AFB1B}.Release|Any CPU.ActiveCfg = Release|Any CPU
		{865D5565-F8D0-43AF-8722-8D9D370AFB1B}.Release|Any CPU.Build.0 = Release|Any CPU
		{560BD0AA-BC47-4CD0-912E-8ECC83B995D9}.Debug|Any CPU.ActiveCfg = Debug|Any CPU
		{560BD0AA-BC47-4CD0-912E-8ECC83B995D9}.Debug|Any CPU.Build.0 = Debug|Any CPU
		{560BD0AA-BC47-4CD0-912E-8ECC83B995D9}.Release|Any CPU.ActiveCfg = Release|Any CPU
		{560BD0AA-BC47-4CD0-912E-8ECC83B995D9}.Release|Any CPU.Build.0 = Release|Any CPU
		{ED943560-9CC5-4F6C-9D5D-BE3514D0B921}.Debug|Any CPU.ActiveCfg = Debug|Any CPU
		{ED943560-9CC5-4F6C-9D5D-BE3514D0B921}.Debug|Any CPU.Build.0 = Debug|Any CPU
		{ED943560-9CC5-4F6C-9D5D-BE3514D0B921}.Release|Any CPU.ActiveCfg = Release|Any CPU
		{ED943560-9CC5-4F6C-9D5D-BE3514D0B921}.Release|Any CPU.Build.0 = Release|Any CPU
	EndGlobalSection
	GlobalSection(NestedProjects) = preSolution
		{428677EA-29F7-4545-9809-728CCAC39E9F} = {A1DD8020-4667-4BF1-99CF-D1E87C4410EE}
		{865D5565-F8D0-43AF-8722-8D9D370AFB1B} = {A1DD8020-4667-4BF1-99CF-D1E87C4410EE}
		{560BD0AA-BC47-4CD0-912E-8ECC83B995D9} = {A1DD8020-4667-4BF1-99CF-D1E87C4410EE}
		{ED943560-9CC5-4F6C-9D5D-BE3514D0B921} = {A1DD8020-4667-4BF1-99CF-D1E87C4410EE}
	EndGlobalSection
EndGlobal
